
Microsoft Visual Studio Solution File, Format Version 12.00
# Visual Studio Version 16
VisualStudioVersion = 25.0.1706.14
MinimumVisualStudioVersion = 10.0.40219.1
Project("{FAE04EC0-301F-11D3-BF4B-00C04F79EFBC}") = "testframeworj7", "testframeworj7.csproj", "{CA96A384-C7D7-4D60-B657-32922AC600DF}"
EndProject
Global
	GlobalSection(SolutionConfigurationPlatforms) = preSolution
		Debug|Any CPU = Debug|Any CPU
		Release|Any CPU = Release|Any CPU
	EndGlobalSection
	GlobalSection(ProjectConfigurationPlatforms) = postSolution
		{CA96A384-C7D7-4D60-B657-32922AC600DF}.Debug|Any CPU.ActiveCfg = Debug|Any CPU
		{CA96A384-C7D7-4D60-B657-32922AC600DF}.Debug|Any CPU.Build.0 = Debug|Any CPU
		{CA96A384-C7D7-4D60-B657-32922AC600DF}.Release|Any CPU.ActiveCfg = Release|Any CPU
		{CA96A384-C7D7-4D60-B657-32922AC600DF}.Release|Any CPU.Build.0 = Release|Any CPU
	EndGlobalSection
	GlobalSection(SolutionProperties) = preSolution
		HideSolutionNode = FALSE
	EndGlobalSection
	GlobalSection(ExtensibilityGlobals) = postSolution
		SolutionGuid = {3BFE472D-B6AE-4AB0-A687-F19748AA71A4}
	EndGlobalSection
EndGlobal
